
Microsoft Visual Studio Solution File, Format Version 12.00
# Visual Studio 15
VisualStudioVersion = 15.0.28307.757
MinimumVisualStudioVersion = 10.0.40219.1
Project("{FAE04EC0-301F-11D3-BF4B-00C04F79EFBC}") = "MainProjectFull", "MainProjectFull\MainProjectFull.csproj", "{C18A0A01-A63B-4FE3-ACC9-932EECCB2580}"
EndProject
Global
	GlobalSection(SolutionConfigurationPlatforms) = preSolution
		Debug|Any CPU = Debug|Any CPU
		Release|Any CPU = Release|Any CPU
	EndGlobalSection
	GlobalSection(ProjectConfigurationPlatforms) = postSolution
		{C18A0A01-A63B-4FE3-ACC9-932EECCB2580}.Debug|Any CPU.ActiveCfg = Debug|Any CPU
		{C18A0A01-A63B-4FE3-ACC9-932EECCB2580}.Debug|Any CPU.Build.0 = Debug|Any CPU
		{C18A0A01-A63B-4FE3-ACC9-932EECCB2580}.Release|Any CPU.ActiveCfg = Release|Any CPU
		{C18A0A01-A63B-4FE3-ACC9-932EECCB2580}.Release|Any CPU.Build.0 = Release|Any CPU
	EndGlobalSection
	GlobalSection(SolutionProperties) = preSolution
		HideSolutionNode = FALSE
	EndGlobalSection
	GlobalSection(ExtensibilityGlobals) = postSolution
		SolutionGuid = {B64E610A-8B4D-49CC-9AD0-3372EC9798DB}
	EndGlobalSection
EndGlobal
